
Microsoft Visual Studio Solution File, Format Version 12.00
# Visual Studio Version 17
VisualStudioVersion = 17.3.32922.545
MinimumVisualStudioVersion = 10.0.40219.1
Project("{FAE04EC0-301F-11D3-BF4B-00C04F79EFBC}") = "FocusAPI", "FocusAPI.csproj", "{0071AB62-88B3-4FF2-A0FE-F9B64526D3A2}"
EndProject
Global
	GlobalSection(SolutionConfigurationPlatforms) = preSolution
		Debug|Any CPU = Debug|Any CPU
		Release|Any CPU = Release|Any CPU
	EndGlobalSection
	GlobalSection(ProjectConfigurationPlatforms) = postSolution
		{0071AB62-88B3-4FF2-A0FE-F9B64526D3A2}.Debug|Any CPU.ActiveCfg = Debug|Any CPU
		{0071AB62-88B3-4FF2-A0FE-F9B64526D3A2}.Debug|Any CPU.Build.0 = Debug|Any CPU
		{0071AB62-88B3-4FF2-A0FE-F9B64526D3A2}.Release|Any CPU.ActiveCfg = Release|Any CPU
		{0071AB62-88B3-4FF2-A0FE-F9B64526D3A2}.Release|Any CPU.Build.0 = Release|Any CPU
	EndGlobalSection
	GlobalSection(SolutionProperties) = preSolution
		HideSolutionNode = FALSE
	EndGlobalSection
	GlobalSection(ExtensibilityGlobals) = postSolution
		SolutionGuid = {CFB29209-D381-471B-95F8-FB8ECF302FAF}
	EndGlobalSection
EndGlobal
